
Microsoft Visual Studio Solution File, Format Version 12.00
# Visual Studio Version 17
VisualStudioVersion = 17.0.31903.59
MinimumVisualStudioVersion = 10.0.40219.1
Project("{9A19103F-16F7-4668-BE54-9A1E7A4F7556}") = "TrainTimetable.WebAPI", "TrainTimetable.WebAPI\TrainTimetable.WebAPI.csproj", "{8D090560-68CE-4FFB-A5C4-1F745921E22C}"
EndProject
Project("{9A19103F-16F7-4668-BE54-9A1E7A4F7556}") = "TrainTimetable.Entities", "TrainTimetable.Entities\TrainTimetable.Entities.csproj", "{3502EE2B-C0CE-4C08-9AB9-C0EF677140B9}"
EndProject
Project("{9A19103F-16F7-4668-BE54-9A1E7A4F7556}") = "TrainTimetable.Repository", "TrainTimetable.Repository\TrainTimetable.Repository.csproj", "{6D91EC00-7363-4C75-B49E-D7659D5B44B8}"
EndProject
Project("{9A19103F-16F7-4668-BE54-9A1E7A4F7556}") = "TrainTimetable.Services", "TrainTimetable.Services\TrainTimetable.Services.csproj", "{1728623B-D215-4DC5-993A-37141F986273}"
EndProject
Project("{FAE04EC0-301F-11D3-BF4B-00C04F79EFBC}") = "TrainTimetable.Shared", "TrainTimetable.Shared\TrainTimetable.Shared.csproj", "{8B3F74DA-FE83-4D3A-A76F-8A4C0B39CEDB}"
EndProject
Project("{E53339B2-1760-4266-BCC7-CA923CBCF16C}") = "docker-compose", "docker-compose.dcproj", "{535CE570-9F82-46B3-9B03-14A0F7459366}"
EndProject
Global
	GlobalSection(SolutionConfigurationPlatforms) = preSolution
		Debug|Any CPU = Debug|Any CPU
		Release|Any CPU = Release|Any CPU
	EndGlobalSection
	GlobalSection(ProjectConfigurationPlatforms) = postSolution
		{8D090560-68CE-4FFB-A5C4-1F745921E22C}.Debug|Any CPU.ActiveCfg = Debug|Any CPU
		{8D090560-68CE-4FFB-A5C4-1F745921E22C}.Debug|Any CPU.Build.0 = Debug|Any CPU
		{8D090560-68CE-4FFB-A5C4-1F745921E22C}.Release|Any CPU.ActiveCfg = Release|Any CPU
		{8D090560-68CE-4FFB-A5C4-1F745921E22C}.Release|Any CPU.Build.0 = Release|Any CPU
		{3502EE2B-C0CE-4C08-9AB9-C0EF677140B9}.Debug|Any CPU.ActiveCfg = Debug|Any CPU
		{3502EE2B-C0CE-4C08-9AB9-C0EF677140B9}.Debug|Any CPU.Build.0 = Debug|Any CPU
		{3502EE2B-C0CE-4C08-9AB9-C0EF677140B9}.Release|Any CPU.ActiveCfg = Release|Any CPU
		{3502EE2B-C0CE-4C08-9AB9-C0EF677140B9}.Release|Any CPU.Build.0 = Release|Any CPU
		{6D91EC00-7363-4C75-B49E-D7659D5B44B8}.Debug|Any CPU.ActiveCfg = Debug|Any CPU
		{6D91EC00-7363-4C75-B49E-D7659D5B44B8}.Debug|Any CPU.Build.0 = Debug|Any CPU
		{6D91EC00-7363-4C75-B49E-D7659D5B44B8}.Release|Any CPU.ActiveCfg = Release|Any CPU
		{6D91EC00-7363-4C75-B49E-D7659D5B44B8}.Release|Any CPU.Build.0 = Release|Any CPU
		{1728623B-D215-4DC5-993A-37141F986273}.Debug|Any CPU.ActiveCfg = Debug|Any CPU
		{1728623B-D215-4DC5-993A-37141F986273}.Debug|Any CPU.Build.0 = Debug|Any CPU
		{1728623B-D215-4DC5-993A-37141F986273}.Release|Any CPU.ActiveCfg = Release|Any CPU
		{1728623B-D215-4DC5-993A-37141F986273}.Release|Any CPU.Build.0 = Release|Any CPU
		{8B3F74DA-FE83-4D3A-A76F-8A4C0B39CEDB}.Debug|Any CPU.ActiveCfg = Debug|Any CPU
		{8B3F74DA-FE83-4D3A-A76F-8A4C0B39CEDB}.Debug|Any CPU.Build.0 = Debug|Any CPU
		{8B3F74DA-FE83-4D3A-A76F-8A4C0B39CEDB}.Release|Any CPU.ActiveCfg = Release|Any CPU
		{8B3F74DA-FE83-4D3A-A76F-8A4C0B39CEDB}.Release|Any CPU.Build.0 = Release|Any CPU
		{535CE570-9F82-46B3-9B03-14A0F7459366}.Debug|Any CPU.ActiveCfg = Debug|Any CPU
		{535CE570-9F82-46B3-9B03-14A0F7459366}.Debug|Any CPU.Build.0 = Debug|Any CPU
		{535CE570-9F82-46B3-9B03-14A0F7459366}.Release|Any CPU.ActiveCfg = Release|Any CPU
		{535CE570-9F82-46B3-9B03-14A0F7459366}.Release|Any CPU.Build.0 = Release|Any CPU
	EndGlobalSection
	GlobalSection(SolutionProperties) = preSolution
		HideSolutionNode = FALSE
	EndGlobalSection
EndGlobal
